
Microsoft Visual Studio Solution File, Format Version 12.00
# Visual Studio Version 16
VisualStudioVersion = 16.0.32630.194
MinimumVisualStudioVersion = 10.0.40219.1
Project("{FAE04EC0-301F-11D3-BF4B-00C04F79EFBC}") = "ISDTees_API", "ISDTees_API.csproj", "{81C534F5-14CF-4E18-907D-188CB84F8086}"
EndProject
Global
	GlobalSection(SolutionConfigurationPlatforms) = preSolution
		Debug|Any CPU = Debug|Any CPU
		Release|Any CPU = Release|Any CPU
	EndGlobalSection
	GlobalSection(ProjectConfigurationPlatforms) = postSolution
		{81C534F5-14CF-4E18-907D-188CB84F8086}.Debug|Any CPU.ActiveCfg = Debug|Any CPU
		{81C534F5-14CF-4E18-907D-188CB84F8086}.Debug|Any CPU.Build.0 = Debug|Any CPU
		{81C534F5-14CF-4E18-907D-188CB84F8086}.Release|Any CPU.ActiveCfg = Release|Any CPU
		{81C534F5-14CF-4E18-907D-188CB84F8086}.Release|Any CPU.Build.0 = Release|Any CPU
	EndGlobalSection
	GlobalSection(SolutionProperties) = preSolution
		HideSolutionNode = FALSE
	EndGlobalSection
	GlobalSection(ExtensibilityGlobals) = postSolution
		SolutionGuid = {F720FDDD-0188-460D-9CE0-516DBC9C7134}
	EndGlobalSection
EndGlobal
